# THIS IS AN AUTOGENERATED FILE. DO NOT EDIT THIS FILE DIRECTLY.
# yarn lockfile v1


diff@~1.0.3:
  version "1.0.8"
  resolved "https://registry.npmjs.org/diff/-/diff-1.0.8.tgz"
  integrity sha512-1zEb73vemXFpUmfh3fsta4YHz3lwebxXvaWmPbFv9apujQBWDnkrPDLXLQs1gZo4RCWMDsT89r0Pf/z8/02TGA==

eyes@>=0.1.6:
  version "0.1.8"
  resolved "https://registry.npmjs.org/eyes/-/eyes-0.1.8.tgz"
  integrity sha512-GipyPsXO1anza0AOZdy69Im7hGFCNB7Y/NGjDlZGJ3GJJLtwNSb2vrzYrTYJRrRloVx7pl+bhUaTB8yiccPvFQ==

oauth@0.9.x:
  version "0.9.15"
  resolved "https://registry.npmjs.org/oauth/-/oauth-0.9.15.tgz"
  integrity sha512-a5ERWK1kh38ExDEfoO6qUHJb32rd7aYmPHuyCu3Fta/cnICvYmgd2uhuKXvPD+PXB+gCEYYEaQdIRAjCOwAKNA==

passport-oauth2@^1.4.0:
  version "1.4.0"
  resolved "https://registry.npmjs.org/passport-oauth2/-/passport-oauth2-1.4.0.tgz"
  integrity sha512-aFrjWoTSFLob+JNvmPxCc+zyv/W7VpBx8WS4vZ8Snm6sm25BbRgobIcmSjpaRt4ciyS5ldEIdC+WFbd8zP8ggA==
  dependencies:
    oauth "0.9.x"
    passport-strategy "1.x.x"
    uid2 "0.0.x"
    utils-merge "1.x.x"

passport-strategy@1.x.x:
  version "1.0.0"
  resolved "https://registry.npmjs.org/passport-strategy/-/passport-strategy-1.0.0.tgz"
  integrity sha512-CB97UUvDKJde2V0KDWWB3lyf6PC3FaZP7YxZ2G8OAtn9p4HI9j9JLP9qjOGZFvyl8uwNT8qM+hGnz/n16NI7oA==

pkginfo@0.2.x:
  version "0.2.3"
  resolved "https://registry.npmjs.org/pkginfo/-/pkginfo-0.2.3.tgz"
  integrity sha512-7W7wTrE/NsY8xv/DTGjwNIyNah81EQH0MWcTzrHL6pOpMocOGZc0Mbdz9aXxSrp+U0mSmkU8jrNCDCfUs3sOBg==

uid2@0.0.x:
  version "0.0.3"
  resolved "https://registry.npmjs.org/uid2/-/uid2-0.0.3.tgz"
  integrity sha512-5gSP1liv10Gjp8cMEnFd6shzkL/D6W1uhXSFNCxDC+YI8+L8wkCYCbJ7n77Ezb4wE/xzMogecE+DtamEe9PZjg==

utils-merge@1.x.x:
  version "1.0.1"
  resolved "https://registry.npmjs.org/utils-merge/-/utils-merge-1.0.1.tgz"
  integrity sha512-pMZTvIkT1d+TFGvDOqodOclx0QWkkgi6Tdoa8gC8ffGAAqz9pzPTZWAybbsHHoED/ztMtkv/VoYTYyShUn81hA==

vows@0.6.x:
  version "0.6.4"
  resolved "https://registry.npmjs.org/vows/-/vows-0.6.4.tgz"
  integrity sha512-CnnxhTuz08RHlAEagUSH6806IMxlOvYK5Nz5CyRGaqk9m2qVsP/0vtNBtU9rUS0TTrx3JYmPtHwIELaf+91t0Q==
  dependencies:
    diff "~1.0.3"
    eyes ">=0.1.6"
